
Microsoft Visual Studio Solution File, Format Version 12.00
# Visual Studio Version 17
VisualStudioVersion = 17.6.33829.357
MinimumVisualStudioVersion = 10.0.40219.1
Project("{9A19103F-16F7-4668-BE54-9A1E7A4F7556}") = "BookStoreApi", "BookStoreApi\BookStoreApi.csproj", "{4055CA96-9AFD-40E1-BDEB-B980C425DE82}"
EndProject
Project("{2150E333-8FDC-42A3-9474-1A3956D46DE8}") = "Tests", "Tests", "{18F952DA-5075-4475-8A5B-9DB7EEEB6AC7}"
EndProject
Project("{FAE04EC0-301F-11D3-BF4B-00C04F79EFBC}") = "BookStoreApi.UnitTests", "Tests\BookStoreApi.UnitTests\BookStoreApi.UnitTests.csproj", "{D79B102E-3436-4867-87DF-9E6E0EC35009}"
EndProject
Global
	GlobalSection(SolutionConfigurationPlatforms) = preSolution
		Debug|Any CPU = Debug|Any CPU
		Release|Any CPU = Release|Any CPU
	EndGlobalSection
	GlobalSection(ProjectConfigurationPlatforms) = postSolution
		{4055CA96-9AFD-40E1-BDEB-B980C425DE82}.Debug|Any CPU.ActiveCfg = Debug|Any CPU
		{4055CA96-9AFD-40E1-BDEB-B980C425DE82}.Debug|Any CPU.Build.0 = Debug|Any CPU
		{4055CA96-9AFD-40E1-BDEB-B980C425DE82}.Release|Any CPU.ActiveCfg = Release|Any CPU
		{4055CA96-9AFD-40E1-BDEB-B980C425DE82}.Release|Any CPU.Build.0 = Release|Any CPU
		{D79B102E-3436-4867-87DF-9E6E0EC35009}.Debug|Any CPU.ActiveCfg = Debug|Any CPU
		{D79B102E-3436-4867-87DF-9E6E0EC35009}.Debug|Any CPU.Build.0 = Debug|Any CPU
		{D79B102E-3436-4867-87DF-9E6E0EC35009}.Release|Any CPU.ActiveCfg = Release|Any CPU
		{D79B102E-3436-4867-87DF-9E6E0EC35009}.Release|Any CPU.Build.0 = Release|Any CPU
	EndGlobalSection
	GlobalSection(SolutionProperties) = preSolution
		HideSolutionNode = FALSE
	EndGlobalSection
	GlobalSection(ExtensibilityGlobals) = postSolution
		SolutionGuid = {EF9BB758-6684-4EB8-9034-91135CED04E7}
	EndGlobalSection
	GlobalSection(NestedProjects) = preSolution
		{D79B102E-3436-4867-87DF-9E6E0EC35009} = {18F952DA-5075-4475-8A5B-9DB7EEEB6AC7}
	EndGlobalSection
EndGlobal
